// !$*UTF8*$!
{
	archiveVersion = 1;
	classes = {
	};
	objectVersion = 48;
	objects = {

/* Begin PBXBuildFile section */
		D94F5574201E5D4A006FA7CF /* Weather.swift in Sources */ = {isa = PBXBuildFile; fileRef = D94F5573201E5D4A006FA7CF /* Weather.swift */; };
		D94F5576201E6589006FA7CF /* Colors.swift in Sources */ = {isa = PBXBuildFile; fileRef = D94F5575201E6589006FA7CF /* Colors.swift */; };
		D9C119FA201B7A5200965015 /* APIKeys.swift in Sources */ = {isa = PBXBuildFile; fileRef = D9C119F9201B7A5200965015 /* APIKeys.swift */; };
		D9C119FC201B7ACC00965015 /* APIRoutes.swift in Sources */ = {isa = PBXBuildFile; fileRef = D9C119FB201B7ACC00965015 /* APIRoutes.swift */; };
		D9C11A00201B878700965015 /* NetworkManager.swift in Sources */ = {isa = PBXBuildFile; fileRef = D9C119FF201B878700965015 /* NetworkManager.swift */; };
		D9C5A7D8201E9721008DA925 /* WeatherTableViewCell.swift in Sources */ = {isa = PBXBuildFile; fileRef = D9C5A7D7201E9721008DA925 /* WeatherTableViewCell.swift */; };
		D9C609F820235F3D0040F8D3 /* AlertManager.swift in Sources */ = {isa = PBXBuildFile; fileRef = D9C609F720235F3D0040F8D3 /* AlertManager.swift */; };
		D9C74B2620210F1A00B5DB47 /* Forecast.swift in Sources */ = {isa = PBXBuildFile; fileRef = D9C74B2520210F1A00B5DB47 /* Forecast.swift */; };
		D9C74B2820211C1200B5DB47 /* ForecastTableViewCell.swift in Sources */ = {isa = PBXBuildFile; fileRef = D9C74B2720211C1200B5DB47 /* ForecastTableViewCell.swift */; };
		D9D0E81D20220D5900F33C19 /* DatabaseManager.swift in Sources */ = {isa = PBXBuildFile; fileRef = D9D0E81C20220D5900F33C19 /* DatabaseManager.swift */; };
		D9FF1EF9201B585B0014D568 /* AppDelegate.swift in Sources */ = {isa = PBXBuildFile; fileRef = D9FF1EF8201B585B0014D568 /* AppDelegate.swift */; };
		D9FF1EFE201B585B0014D568 /* Main.storyboard in Resources */ = {isa = PBXBuildFile; fileRef = D9FF1EFC201B585B0014D568 /* Main.storyboard */; };
		D9FF1F01201B585B0014D568 /* WeatherTest.xcdatamodeld in Sources */ = {isa = PBXBuildFile; fileRef = D9FF1EFF201B585B0014D568 /* WeatherTest.xcdatamodeld */; };
		D9FF1F03201B585B0014D568 /* Assets.xcassets in Resources */ = {isa = PBXBuildFile; fileRef = D9FF1F02201B585B0014D568 /* Assets.xcassets */; };
		D9FF1F06201B585B0014D568 /* LaunchScreen.storyboard in Resources */ = {isa = PBXBuildFile; fileRef = D9FF1F04201B585B0014D568 /* LaunchScreen.storyboard */; };
		D9FF1F0E201B60230014D568 /* MasterViewController.swift in Sources */ = {isa = PBXBuildFile; fileRef = D9FF1F0D201B60230014D568 /* MasterViewController.swift */; };
		D9FF1F10201B61CF0014D568 /* SearchViewController.swift in Sources */ = {isa = PBXBuildFile; fileRef = D9FF1F0F201B61CF0014D568 /* SearchViewController.swift */; };
		D9FF1F12201B66B20014D568 /* WeatherViewController.swift in Sources */ = {isa = PBXBuildFile; fileRef = D9FF1F11201B66B20014D568 /* WeatherViewController.swift */; };
		D9FF1F15201B71010014D568 /* City.swift in Sources */ = {isa = PBXBuildFile; fileRef = D9FF1F14201B71010014D568 /* City.swift */; };
/* End PBXBuildFile section */

/* Begin PBXFileReference section */
		D94F5573201E5D4A006FA7CF /* Weather.swift */ = {isa = PBXFileReference; lastKnownFileType = sourcecode.swift; path = Weather.swift; sourceTree = "<group>"; };
		D94F5575201E6589006FA7CF /* Colors.swift */ = {isa = PBXFileReference; lastKnownFileType = sourcecode.swift; path = Colors.swift; sourceTree = "<group>"; };
		D9C119F9201B7A5200965015 /* APIKeys.swift */ = {isa = PBXFileReference; lastKnownFileType = sourcecode.swift; path = APIKeys.swift; sourceTree = "<group>"; };
		D9C119FB201B7ACC00965015 /* APIRoutes.swift */ = {isa = PBXFileReference; lastKnownFileType = sourcecode.swift; path = APIRoutes.swift; sourceTree = "<group>"; };
		D9C119FF201B878700965015 /* NetworkManager.swift */ = {isa = PBXFileReference; lastKnownFileType = sourcecode.swift; path = NetworkManager.swift; sourceTree = "<group>"; };
		D9C5A7D7201E9721008DA925 /* WeatherTableViewCell.swift */ = {isa = PBXFileReference; lastKnownFileType = sourcecode.swift; path = WeatherTableViewCell.swift; sourceTree = "<group>"; };
		D9C609F720235F3D0040F8D3 /* AlertManager.swift */ = {isa = PBXFileReference; lastKnownFileType = sourcecode.swift; path = AlertManager.swift; sourceTree = "<group>"; };
		D9C74B2520210F1A00B5DB47 /* Forecast.swift */ = {isa = PBXFileReference; lastKnownFileType = sourcecode.swift; path = Forecast.swift; sourceTree = "<group>"; };
		D9C74B2720211C1200B5DB47 /* ForecastTableViewCell.swift */ = {isa = PBXFileReference; lastKnownFileType = sourcecode.swift; path = ForecastTableViewCell.swift; sourceTree = "<group>"; };
		D9D0E81C20220D5900F33C19 /* DatabaseManager.swift */ = {isa = PBXFileReference; lastKnownFileType = sourcecode.swift; path = DatabaseManager.swift; sourceTree = "<group>"; };
		D9FF1EF5201B585B0014D568 /* WeatherTest.app */ = {isa = PBXFileReference; explicitFileType = wrapper.application; includeInIndex = 0; path = WeatherTest.app; sourceTree = BUILT_PRODUCTS_DIR; };
		D9FF1EF8201B585B0014D568 /* AppDelegate.swift */ = {isa = PBXFileReference; lastKnownFileType = sourcecode.swift; path = AppDelegate.swift; sourceTree = "<group>"; };
		D9FF1EFD201B585B0014D568 /* Base */ = {isa = PBXFileReference; lastKnownFileType = file.storyboard; name = Base; path = Base.lproj/Main.storyboard; sourceTree = "<group>"; };
		D9FF1F00201B585B0014D568 /* WeatherTest.xcdatamodel */ = {isa = PBXFileReference; lastKnownFileType = wrapper.xcdatamodel; path = WeatherTest.xcdatamodel; sourceTree = "<group>"; };
		D9FF1F02201B585B0014D568 /* Assets.xcassets */ = {isa = PBXFileReference; lastKnownFileType = folder.assetcatalog; path = Assets.xcassets; sourceTree = "<group>"; };
		D9FF1F05201B585B0014D568 /* Base */ = {isa = PBXFileReference; lastKnownFileType = file.storyboard; name = Base; path = Base.lproj/LaunchScreen.storyboard; sourceTree = "<group>"; };
		D9FF1F07201B585B0014D568 /* Info.plist */ = {isa = PBXFileReference; lastKnownFileType = text.plist.xml; path = Info.plist; sourceTree = "<group>"; };
		D9FF1F0D201B60230014D568 /* MasterViewController.swift */ = {isa = PBXFileReference; lastKnownFileType = sourcecode.swift; path = MasterViewController.swift; sourceTree = "<group>"; };
		D9FF1F0F201B61CF0014D568 /* SearchViewController.swift */ = {isa = PBXFileReference; lastKnownFileType = sourcecode.swift; path = SearchViewController.swift; sourceTree = "<group>"; };
		D9FF1F11201B66B20014D568 /* WeatherViewController.swift */ = {isa = PBXFileReference; lastKnownFileType = sourcecode.swift; path = WeatherViewController.swift; sourceTree = "<group>"; };
		D9FF1F14201B71010014D568 /* City.swift */ = {isa = PBXFileReference; lastKnownFileType = sourcecode.swift; path = City.swift; sourceTree = "<group>"; };
/* End PBXFileReference section */

/* Begin PBXFrameworksBuildPhase section */
		D9FF1EF2201B585B0014D568 /* Frameworks */ = {
			isa = PBXFrameworksBuildPhase;
			buildActionMask = 2147483647;
			files = (
			);
			runOnlyForDeploymentPostprocessing = 0;
		};
/* End PBXFrameworksBuildPhase section */

/* Begin PBXGroup section */
		D9C119F8201B7A3700965015 /* Constants */ = {
			isa = PBXGroup;
			children = (
				D9C119F9201B7A5200965015 /* APIKeys.swift */,
				D9C119FB201B7ACC00965015 /* APIRoutes.swift */,
				D94F5575201E6589006FA7CF /* Colors.swift */,
			);
			name = Constants;
			sourceTree = "<group>";
		};
		D9C119FD201B7F8B00965015 /* Storyboards */ = {
			isa = PBXGroup;
			children = (
				D9FF1F04201B585B0014D568 /* LaunchScreen.storyboard */,
				D9FF1EFC201B585B0014D568 /* Main.storyboard */,
			);
			name = Storyboards;
			sourceTree = "<group>";
		};
		D9C119FE201B876500965015 /* Managers */ = {
			isa = PBXGroup;
			children = (
				D9C609F720235F3D0040F8D3 /* AlertManager.swift */,
				D9D0E81C20220D5900F33C19 /* DatabaseManager.swift */,
				D9C119FF201B878700965015 /* NetworkManager.swift */,
			);
			name = Managers;
			sourceTree = "<group>";
		};
		D9C5A7D6201E96CB008DA925 /* Views */ = {
			isa = PBXGroup;
			children = (
				D9C5A7D7201E9721008DA925 /* WeatherTableViewCell.swift */,
				D9C74B2720211C1200B5DB47 /* ForecastTableViewCell.swift */,
			);
			name = Views;
			sourceTree = "<group>";
		};
		D9FF1EEC201B585B0014D568 = {
			isa = PBXGroup;
			children = (
				D9FF1EF7201B585B0014D568 /* WeatherTest */,
				D9FF1EF6201B585B0014D568 /* Products */,
			);
			sourceTree = "<group>";
		};
		D9FF1EF6201B585B0014D568 /* Products */ = {
			isa = PBXGroup;
			children = (
				D9FF1EF5201B585B0014D568 /* WeatherTest.app */,
			);
			name = Products;
			sourceTree = "<group>";
		};
		D9FF1EF7201B585B0014D568 /* WeatherTest */ = {
			isa = PBXGroup;
			children = (
				D9C119F8201B7A3700965015 /* Constants */,
				D9FF1F13201B6CC50014D568 /* Models */,
				D9C119FE201B876500965015 /* Managers */,
				D9C119FD201B7F8B00965015 /* Storyboards */,
				D9FF1F16201B71580014D568 /* ViewControllers */,
				D9C5A7D6201E96CB008DA925 /* Views */,
				D9FF1EF8201B585B0014D568 /* AppDelegate.swift */,
				D9FF1F02201B585B0014D568 /* Assets.xcassets */,
				D9FF1F07201B585B0014D568 /* Info.plist */,
				D9FF1EFF201B585B0014D568 /* WeatherTest.xcdatamodeld */,
			);
			path = WeatherTest;
			sourceTree = "<group>";
		};
		D9FF1F13201B6CC50014D568 /* Models */ = {
			isa = PBXGroup;
			children = (
				D9FF1F14201B71010014D568 /* City.swift */,
				D94F5573201E5D4A006FA7CF /* Weather.swift */,
				D9C74B2520210F1A00B5DB47 /* Forecast.swift */,
			);
			name = Models;
			sourceTree = "<group>";
		};
		D9FF1F16201B71580014D568 /* ViewControllers */ = {
			isa = PBXGroup;
			children = (
				D9FF1F0D201B60230014D568 /* MasterViewController.swift */,
				D9FF1F0F201B61CF0014D568 /* SearchViewController.swift */,
				D9FF1F11201B66B20014D568 /* WeatherViewController.swift */,
			);
			name = ViewControllers;
			sourceTree = "<group>";
		};
/* End PBXGroup section */

/* Begin PBXNativeTarget section */
		D9FF1EF4201B585B0014D568 /* WeatherTest */ = {
			isa = PBXNativeTarget;
			buildConfigurationList = D9FF1F0A201B585B0014D568 /* Build configuration list for PBXNativeTarget "WeatherTest" */;
			buildPhases = (
				D9FF1EF1201B585B0014D568 /* Sources */,
				D9FF1EF2201B585B0014D568 /* Frameworks */,
				D9FF1EF3201B585B0014D568 /* Resources */,
			);
			buildRules = (
			);
			dependencies = (
			);
			name = WeatherTest;
			productName = WeatherTest;
			productReference = D9FF1EF5201B585B0014D568 /* WeatherTest.app */;
			productType = "com.apple.product-type.application";
		};
/* End PBXNativeTarget section */

/* Begin PBXProject section */
		D9FF1EED201B585B0014D568 /* Project object */ = {
			isa = PBXProject;
			attributes = {
				LastSwiftUpdateCheck = 0920;
				LastUpgradeCheck = 0920;
				ORGANIZATIONNAME = "Sergey Kobzin";
				TargetAttributes = {
					D9FF1EF4201B585B0014D568 = {
						CreatedOnToolsVersion = 9.2;
						ProvisioningStyle = Automatic;
					};
				};
			};
			buildConfigurationList = D9FF1EF0201B585B0014D568 /* Build configuration list for PBXProject "WeatherTest" */;
			compatibilityVersion = "Xcode 8.0";
			developmentRegion = en;
			hasScannedForEncodings = 0;
			knownRegions = (
				en,
				Base,
			);
			mainGroup = D9FF1EEC201B585B0014D568;
			productRefGroup = D9FF1EF6201B585B0014D568 /* Products */;
			projectDirPath = "";
			projectRoot = "";
			targets = (
				D9FF1EF4201B585B0014D568 /* WeatherTest */,
			);
		};
/* End PBXProject section */

/* Begin PBXResourcesBuildPhase section */
		D9FF1EF3201B585B0014D568 /* Resources */ = {
			isa = PBXResourcesBuildPhase;
			buildActionMask = 2147483647;
			files = (
				D9FF1F06201B585B0014D568 /* LaunchScreen.storyboard in Resources */,
				D9FF1F03201B585B0014D568 /* Assets.xcassets in Resources */,
				D9FF1EFE201B585B0014D568 /* Main.storyboard in Resources */,
			);
			runOnlyForDeploymentPostprocessing = 0;
		};
/* End PBXResourcesBuildPhase section */

/* Begin PBXSourcesBuildPhase section */
		D9FF1EF1201B585B0014D568 /* Sources */ = {
			isa = PBXSourcesBuildPhase;
			buildActionMask = 2147483647;
			files = (
				D9C609F820235F3D0040F8D3 /* AlertManager.swift in Sources */,
				D9C5A7D8201E9721008DA925 /* WeatherTableViewCell.swift in Sources */,
				D9C11A00201B878700965015 /* NetworkManager.swift in Sources */,
				D9D0E81D20220D5900F33C19 /* DatabaseManager.swift in Sources */,
				D94F5576201E6589006FA7CF /* Colors.swift in Sources */,
				D9FF1F01201B585B0014D568 /* WeatherTest.xcdatamodeld in Sources */,
				D9C74B2820211C1200B5DB47 /* ForecastTableViewCell.swift in Sources */,
				D9FF1F12201B66B20014D568 /* WeatherViewController.swift in Sources */,
				D9C119FA201B7A5200965015 /* APIKeys.swift in Sources */,
				D94F5574201E5D4A006FA7CF /* Weather.swift in Sources */,
				D9C74B2620210F1A00B5DB47 /* Forecast.swift in Sources */,
				D9C119FC201B7ACC00965015 /* APIRoutes.swift in Sources */,
				D9FF1F15201B71010014D568 /* City.swift in Sources */,
				D9FF1EF9201B585B0014D568 /* AppDelegate.swift in Sources */,
				D9FF1F10201B61CF0014D568 /* SearchViewController.swift in Sources */,
				D9FF1F0E201B60230014D568 /* MasterViewController.swift in Sources */,
			);
			runOnlyForDeploymentPostprocessing = 0;
		};
/* End PBXSourcesBuildPhase section */

/* Begin PBXVariantGroup section */
		D9FF1EFC201B585B0014D568 /* Main.storyboard */ = {
			isa = PBXVariantGroup;
			children = (
				D9FF1EFD201B585B0014D568 /* Base */,
			);
			name = Main.storyboard;
			sourceTree = "<group>";
		};
		D9FF1F04201B585B0014D568 /* LaunchScreen.storyboard */ = {
			isa = PBXVariantGroup;
			children = (
				D9FF1F05201B585B0014D568 /* Base */,
			);
			name = LaunchScreen.storyboard;
			sourceTree = "<group>";
		};
/* End PBXVariantGroup section */

/* Begin XCBuildConfiguration section */
		D9FF1F08201B585B0014D568 /* Debug */ = {
			isa = XCBuildConfiguration;
			buildSettings = {
				ALWAYS_SEARCH_USER_PATHS = NO;
				CLANG_ANALYZER_NONNULL = YES;
				CLANG_ANALYZER_NUMBER_OBJECT_CONVERSION = YES_AGGRESSIVE;
				CLANG_CXX_LANGUAGE_STANDARD = "gnu++14";
				CLANG_CXX_LIBRARY = "libc++";
				CLANG_ENABLE_MODULES = YES;
				CLANG_ENABLE_OBJC_ARC = YES;
				CLANG_WARN_BLOCK_CAPTURE_AUTORELEASING = YES;
				CLANG_WARN_BOOL_CONVERSION = YES;
				CLANG_WARN_COMMA = YES;
				CLANG_WARN_CONSTANT_CONVERSION = YES;
				CLANG_WARN_DIRECT_OBJC_ISA_USAGE = YES_ERROR;
				CLANG_WARN_DOCUMENTATION_COMMENTS = YES;
				CLANG_WARN_EMPTY_BODY = YES;
				CLANG_WARN_ENUM_CONVERSION = YES;
				CLANG_WARN_INFINITE_RECURSION = YES;
				CLANG_WARN_INT_CONVERSION = YES;
				CLANG_WARN_NON_LITERAL_NULL_CONVERSION = YES;
				CLANG_WARN_OBJC_LITERAL_CONVERSION = YES;
				CLANG_WARN_OBJC_ROOT_CLASS = YES_ERROR;
				CLANG_WARN_RANGE_LOOP_ANALYSIS = YES;
				CLANG_WARN_STRICT_PROTOTYPES = YES;
				CLANG_WARN_SUSPICIOUS_MOVE = YES;
				CLANG_WARN_UNGUARDED_AVAILABILITY = YES_AGGRESSIVE;
				CLANG_WARN_UNREACHABLE_CODE = YES;
				CLANG_WARN__DUPLICATE_METHOD_MATCH = YES;
				CODE_SIGN_IDENTITY = "iPhone Developer";
				COPY_PHASE_STRIP = NO;
				DEBUG_INFORMATION_FORMAT = dwarf;
				ENABLE_STRICT_OBJC_MSGSEND = YES;
				ENABLE_TESTABILITY = YES;
				GCC_C_LANGUAGE_STANDARD = gnu11;
				GCC_DYNAMIC_NO_PIC = NO;
				GCC_NO_COMMON_BLOCKS = YES;
				GCC_OPTIMIZATION_LEVEL = 0;
				GCC_PREPROCESSOR_DEFINITIONS = (
					"DEBUG=1",
					"$(inherited)",
				);
				GCC_WARN_64_TO_32_BIT_CONVERSION = YES;
				GCC_WARN_ABOUT_RETURN_TYPE = YES_ERROR;
				GCC_WARN_UNDECLARED_SELECTOR = YES;
				GCC_WARN_UNINITIALIZED_AUTOS = YES_AGGRESSIVE;
				GCC_WARN_UNUSED_FUNCTION = YES;
				GCC_WARN_UNUSED_VARIABLE = YES;
				IPHONEOS_DEPLOYMENT_TARGET = 11.2;
				MTL_ENABLE_DEBUG_INFO = YES;
				ONLY_ACTIVE_ARCH = YES;
				SDKROOT = iphoneos;
				SWIFT_ACTIVE_COMPILATION_CONDITIONS = DEBUG;
				SWIFT_OPTIMIZATION_LEVEL = "-Onone";
			};
			name = Debug;
		};
		D9FF1F09201B585B0014D568 /* Release */ = {
			isa = XCBuildConfiguration;
			buildSettings = {
				ALWAYS_SEARCH_USER_PATHS = NO;
				CLANG_ANALYZER_NONNULL = YES;
				CLANG_ANALYZER_NUMBER_OBJECT_CONVERSION = YES_AGGRESSIVE;
				CLANG_CXX_LANGUAGE_STANDARD = "gnu++14";
				CLANG_CXX_LIBRARY = "libc++";
				CLANG_ENABLE_MODULES = YES;
				CLANG_ENABLE_OBJC_ARC = YES;
				CLANG_WARN_BLOCK_CAPTURE_AUTORELEASING = YES;
				CLANG_WARN_BOOL_CONVERSION = YES;
				CLANG_WARN_COMMA = YES;
				CLANG_WARN_CONSTANT_CONVERSION = YES;
				CLANG_WARN_DIRECT_OBJC_ISA_USAGE = YES_ERROR;
				CLANG_WARN_DOCUMENTATION_COMMENTS = YES;
				CLANG_WARN_EMPTY_BODY = YES;
				CLANG_WARN_ENUM_CONVERSION = YES;
				CLANG_WARN_INFINITE_RECURSION = YES;
				CLANG_WARN_INT_CONVERSION = YES;
				CLANG_WARN_NON_LITERAL_NULL_CONVERSION = YES;
				CLANG_WARN_OBJC_LITERAL_CONVERSION = YES;
				CLANG_WARN_OBJC_ROOT_CLASS = YES_ERROR;
				CLANG_WARN_RANGE_LOOP_ANALYSIS = YES;
				CLANG_WARN_STRICT_PROTOTYPES = YES;
				CLANG_WARN_SUSPICIOUS_MOVE = YES;
				CLANG_WARN_UNGUARDED_AVAILABILITY = YES_AGGRESSIVE;
				CLANG_WARN_UNREACHABLE_CODE = YES;
				CLANG_WARN__DUPLICATE_METHOD_MATCH = YES;
				CODE_SIGN_IDENTITY = "iPhone Developer";
				COPY_PHASE_STRIP = NO;
				DEBUG_INFORMATION_FORMAT = "dwarf-with-dsym";
				ENABLE_NS_ASSERTIONS = NO;
				ENABLE_STRICT_OBJC_MSGSEND = YES;
				GCC_C_LANGUAGE_STANDARD = gnu11;
				GCC_NO_COMMON_BLOCKS = YES;
				GCC_WARN_64_TO_32_BIT_CONVERSION = YES;
				GCC_WARN_ABOUT_RETURN_TYPE = YES_ERROR;
				GCC_WARN_UNDECLARED_SELECTOR = YES;
				GCC_WARN_UNINITIALIZED_AUTOS = YES_AGGRESSIVE;
				GCC_WARN_UNUSED_FUNCTION = YES;
				GCC_WARN_UNUSED_VARIABLE = YES;
				IPHONEOS_DEPLOYMENT_TARGET = 11.2;
				MTL_ENABLE_DEBUG_INFO = NO;
				SDKROOT = iphoneos;
				SWIFT_OPTIMIZATION_LEVEL = "-Owholemodule";
				VALIDATE_PRODUCT = YES;
			};
			name = Release;
		};
		D9FF1F0B201B585B0014D568 /* Debug */ = {
			isa = XCBuildConfiguration;
			buildSettings = {
				ASSETCATALOG_COMPILER_APPICON_NAME = AppIcon;
				CODE_SIGN_STYLE = Automatic;
				DEVELOPMENT_TEAM = UHYM8EB58U;
				INFOPLIST_FILE = WeatherTest/Info.plist;
				IPHONEOS_DEPLOYMENT_TARGET = 10.0;
				LD_RUNPATH_SEARCH_PATHS = "$(inherited) @executable_path/Frameworks";
				PRODUCT_BUNDLE_IDENTIFIER = sergey.kobzin.WeatherTest;
				PRODUCT_NAME = "$(TARGET_NAME)";
				SWIFT_VERSION = 4.0;
				TARGETED_DEVICE_FAMILY = "1,2";
			};
			name = Debug;
		};
		D9FF1F0C201B585B0014D568 /* Release */ = {
			isa = XCBuildConfiguration;
			buildSettings = {
				ASSETCATALOG_COMPILER_APPICON_NAME = AppIcon;
				CODE_SIGN_STYLE = Automatic;
				DEVELOPMENT_TEAM = UHYM8EB58U;
				INFOPLIST_FILE = WeatherTest/Info.plist;
				IPHONEOS_DEPLOYMENT_TARGET = 10.0;
				LD_RUNPATH_SEARCH_PATHS = "$(inherited) @executable_path/Frameworks";
				PRODUCT_BUNDLE_IDENTIFIER = sergey.kobzin.WeatherTest;
				PRODUCT_NAME = "$(TARGET_NAME)";
				SWIFT_VERSION = 4.0;
				TARGETED_DEVICE_FAMILY = "1,2";
			};
			name = Release;
		};
/* End XCBuildConfiguration section */

/* Begin XCConfigurationList section */
		D9FF1EF0201B585B0014D568 /* Build configuration list for PBXProject "WeatherTest" */ = {
			isa = XCConfigurationList;
			buildConfigurations = (
				D9FF1F08201B585B0014D568 /* Debug */,
				D9FF1F09201B585B0014D568 /* Release */,
			);
			defaultConfigurationIsVisible = 0;
			defaultConfigurationName = Release;
		};
		D9FF1F0A201B585B0014D568 /* Build configuration list for PBXNativeTarget "WeatherTest" */ = {
			isa = XCConfigurationList;
			buildConfigurations = (
				D9FF1F0B201B585B0014D568 /* Debug */,
				D9FF1F0C201B585B0014D568 /* Release */,
			);
			defaultConfigurationIsVisible = 0;
			defaultConfigurationName = Release;
		};
/* End XCConfigurationList section */

/* Begin XCVersionGroup section */
		D9FF1EFF201B585B0014D568 /* WeatherTest.xcdatamodeld */ = {
			isa = XCVersionGroup;
			children = (
				D9FF1F00201B585B0014D568 /* WeatherTest.xcdatamodel */,
			);
			currentVersion = D9FF1F00201B585B0014D568 /* WeatherTest.xcdatamodel */;
			path = WeatherTest.xcdatamodeld;
			sourceTree = "<group>";
			versionGroupType = wrapper.xcdatamodel;
		};
/* End XCVersionGroup section */
	};
	rootObject = D9FF1EED201B585B0014D568 /* Project object */;
}
